// !$*UTF8*$!
{
	archiveVersion = 1;
	classes = {
	};
	objectVersion = 55;
	objects = {

/* Begin PBXBuildFile section */
		66AE0F60277BEA7A00DC5053 /* AppDelegate.swift in Sources */ = {isa = PBXBuildFile; fileRef = 66AE0F5F277BEA7A00DC5053 /* AppDelegate.swift */; };
		66AE0F62277BEA7A00DC5053 /* SceneDelegate.swift in Sources */ = {isa = PBXBuildFile; fileRef = 66AE0F61277BEA7A00DC5053 /* SceneDelegate.swift */; };
		66AE0F64277BEA7A00DC5053 /* ListViewController.swift in Sources */ = {isa = PBXBuildFile; fileRef = 66AE0F63277BEA7A00DC5053 /* ListViewController.swift */; };
		66AE0F69277BEA7D00DC5053 /* Assets.xcassets in Resources */ = {isa = PBXBuildFile; fileRef = 66AE0F68277BEA7D00DC5053 /* Assets.xcassets */; };
		66AE0F6C277BEA7D00DC5053 /* LaunchScreen.storyboard in Resources */ = {isa = PBXBuildFile; fileRef = 66AE0F6A277BEA7D00DC5053 /* LaunchScreen.storyboard */; };
		66AE0F77277BEA7D00DC5053 /* challengeDevPassTests.swift in Sources */ = {isa = PBXBuildFile; fileRef = 66AE0F76277BEA7D00DC5053 /* challengeDevPassTests.swift */; };
		66AE0F81277BEA7D00DC5053 /* challengeDevPassUITests.swift in Sources */ = {isa = PBXBuildFile; fileRef = 66AE0F80277BEA7D00DC5053 /* challengeDevPassUITests.swift */; };
		66AE0F83277BEA7D00DC5053 /* challengeDevPassUITestsLaunchTests.swift in Sources */ = {isa = PBXBuildFile; fileRef = 66AE0F82277BEA7D00DC5053 /* challengeDevPassUITestsLaunchTests.swift */; };
		66AE0F90277BEAF800DC5053 /* Coordinator.swift in Sources */ = {isa = PBXBuildFile; fileRef = 66AE0F8F277BEAF800DC5053 /* Coordinator.swift */; };
		66AE0F92277BEB0100DC5053 /* MainCoordinator.swift in Sources */ = {isa = PBXBuildFile; fileRef = 66AE0F91277BEB0100DC5053 /* MainCoordinator.swift */; };
		66AE0F94277BFAAF00DC5053 /* Constants.swift in Sources */ = {isa = PBXBuildFile; fileRef = 66AE0F93277BFAAF00DC5053 /* Constants.swift */; };
		66DB61CD277DEC6500F859F3 /* SettingsViewController.swift in Sources */ = {isa = PBXBuildFile; fileRef = 66DB61CC277DEC6500F859F3 /* SettingsViewController.swift */; };
		66DB61CF277DFB2A00F859F3 /* SettingsModel.swift in Sources */ = {isa = PBXBuildFile; fileRef = 66DB61CE277DFB2A00F859F3 /* SettingsModel.swift */; };
		66F91646277C945300C2BAD9 /* RepositoryModel.swift in Sources */ = {isa = PBXBuildFile; fileRef = 66F91645277C945300C2BAD9 /* RepositoryModel.swift */; };
		66F91648277CA08100C2BAD9 /* DetailViewController.swift in Sources */ = {isa = PBXBuildFile; fileRef = 66F91647277CA08100C2BAD9 /* DetailViewController.swift */; };
		66F9164F277CA21000C2BAD9 /* DescriptionViewCell.swift in Sources */ = {isa = PBXBuildFile; fileRef = 66F9164E277CA21000C2BAD9 /* DescriptionViewCell.swift */; };
		66F9165C277CFCFE00C2BAD9 /* Networking.swift in Sources */ = {isa = PBXBuildFile; fileRef = 66F9165B277CFCFE00C2BAD9 /* Networking.swift */; };
/* End PBXBuildFile section */

/* Begin PBXContainerItemProxy section */
		66AE0F73277BEA7D00DC5053 /* PBXContainerItemProxy */ = {
			isa = PBXContainerItemProxy;
			containerPortal = 66AE0F54277BEA7A00DC5053 /* Project object */;
			proxyType = 1;
			remoteGlobalIDString = 66AE0F5B277BEA7A00DC5053;
			remoteInfo = challengeDevPass;
		};
		66AE0F7D277BEA7D00DC5053 /* PBXContainerItemProxy */ = {
			isa = PBXContainerItemProxy;
			containerPortal = 66AE0F54277BEA7A00DC5053 /* Project object */;
			proxyType = 1;
			remoteGlobalIDString = 66AE0F5B277BEA7A00DC5053;
			remoteInfo = challengeDevPass;
		};
/* End PBXContainerItemProxy section */

/* Begin PBXFileReference section */
		66AE0F5C277BEA7A00DC5053 /* challengeDevPass.app */ = {isa = PBXFileReference; explicitFileType = wrapper.application; includeInIndex = 0; path = challengeDevPass.app; sourceTree = BUILT_PRODUCTS_DIR; };
		66AE0F5F277BEA7A00DC5053 /* AppDelegate.swift */ = {isa = PBXFileReference; lastKnownFileType = sourcecode.swift; path = AppDelegate.swift; sourceTree = "<group>"; };
		66AE0F61277BEA7A00DC5053 /* SceneDelegate.swift */ = {isa = PBXFileReference; lastKnownFileType = sourcecode.swift; path = SceneDelegate.swift; sourceTree = "<group>"; };
		66AE0F63277BEA7A00DC5053 /* ListViewController.swift */ = {isa = PBXFileReference; lastKnownFileType = sourcecode.swift; path = ListViewController.swift; sourceTree = "<group>"; };
		66AE0F68277BEA7D00DC5053 /* Assets.xcassets */ = {isa = PBXFileReference; lastKnownFileType = folder.assetcatalog; path = Assets.xcassets; sourceTree = "<group>"; };
		66AE0F6B277BEA7D00DC5053 /* Base */ = {isa = PBXFileReference; lastKnownFileType = file.storyboard; name = Base; path = Base.lproj/LaunchScreen.storyboard; sourceTree = "<group>"; };
		66AE0F6D277BEA7D00DC5053 /* Info.plist */ = {isa = PBXFileReference; lastKnownFileType = text.plist.xml; path = Info.plist; sourceTree = "<group>"; };
		66AE0F72277BEA7D00DC5053 /* challengeDevPassTests.xctest */ = {isa = PBXFileReference; explicitFileType = wrapper.cfbundle; includeInIndex = 0; path = challengeDevPassTests.xctest; sourceTree = BUILT_PRODUCTS_DIR; };
		66AE0F76277BEA7D00DC5053 /* challengeDevPassTests.swift */ = {isa = PBXFileReference; lastKnownFileType = sourcecode.swift; path = challengeDevPassTests.swift; sourceTree = "<group>"; };
		66AE0F7C277BEA7D00DC5053 /* challengeDevPassUITests.xctest */ = {isa = PBXFileReference; explicitFileType = wrapper.cfbundle; includeInIndex = 0; path = challengeDevPassUITests.xctest; sourceTree = BUILT_PRODUCTS_DIR; };
		66AE0F80277BEA7D00DC5053 /* challengeDevPassUITests.swift */ = {isa = PBXFileReference; lastKnownFileType = sourcecode.swift; path = challengeDevPassUITests.swift; sourceTree = "<group>"; };
		66AE0F82277BEA7D00DC5053 /* challengeDevPassUITestsLaunchTests.swift */ = {isa = PBXFileReference; lastKnownFileType = sourcecode.swift; path = challengeDevPassUITestsLaunchTests.swift; sourceTree = "<group>"; };
		66AE0F8F277BEAF800DC5053 /* Coordinator.swift */ = {isa = PBXFileReference; lastKnownFileType = sourcecode.swift; path = Coordinator.swift; sourceTree = "<group>"; };
		66AE0F91277BEB0100DC5053 /* MainCoordinator.swift */ = {isa = PBXFileReference; lastKnownFileType = sourcecode.swift; path = MainCoordinator.swift; sourceTree = "<group>"; };
		66AE0F93277BFAAF00DC5053 /* Constants.swift */ = {isa = PBXFileReference; lastKnownFileType = sourcecode.swift; path = Constants.swift; sourceTree = "<group>"; };
		66DB61CC277DEC6500F859F3 /* SettingsViewController.swift */ = {isa = PBXFileReference; lastKnownFileType = sourcecode.swift; path = SettingsViewController.swift; sourceTree = "<group>"; };
		66DB61CE277DFB2A00F859F3 /* SettingsModel.swift */ = {isa = PBXFileReference; lastKnownFileType = sourcecode.swift; path = SettingsModel.swift; sourceTree = "<group>"; };
		66F91645277C945300C2BAD9 /* RepositoryModel.swift */ = {isa = PBXFileReference; lastKnownFileType = sourcecode.swift; path = RepositoryModel.swift; sourceTree = "<group>"; };
		66F91647277CA08100C2BAD9 /* DetailViewController.swift */ = {isa = PBXFileReference; lastKnownFileType = sourcecode.swift; path = DetailViewController.swift; sourceTree = "<group>"; };
		66F9164E277CA21000C2BAD9 /* DescriptionViewCell.swift */ = {isa = PBXFileReference; lastKnownFileType = sourcecode.swift; path = DescriptionViewCell.swift; sourceTree = "<group>"; };
		66F9165B277CFCFE00C2BAD9 /* Networking.swift */ = {isa = PBXFileReference; lastKnownFileType = sourcecode.swift; path = Networking.swift; sourceTree = "<group>"; };
/* End PBXFileReference section */

/* Begin PBXFrameworksBuildPhase section */
		66AE0F59277BEA7A00DC5053 /* Frameworks */ = {
			isa = PBXFrameworksBuildPhase;
			buildActionMask = 2147483647;
			files = (
			);
			runOnlyForDeploymentPostprocessing = 0;
		};
		66AE0F6F277BEA7D00DC5053 /* Frameworks */ = {
			isa = PBXFrameworksBuildPhase;
			buildActionMask = 2147483647;
			files = (
			);
			runOnlyForDeploymentPostprocessing = 0;
		};
		66AE0F79277BEA7D00DC5053 /* Frameworks */ = {
			isa = PBXFrameworksBuildPhase;
			buildActionMask = 2147483647;
			files = (
			);
			runOnlyForDeploymentPostprocessing = 0;
		};
/* End PBXFrameworksBuildPhase section */

/* Begin PBXGroup section */
		66AE0F53277BEA7A00DC5053 = {
			isa = PBXGroup;
			children = (
				66AE0F5E277BEA7A00DC5053 /* challengeDevPass */,
				66AE0F75277BEA7D00DC5053 /* challengeDevPassTests */,
				66AE0F7F277BEA7D00DC5053 /* challengeDevPassUITests */,
				66AE0F5D277BEA7A00DC5053 /* Products */,
			);
			sourceTree = "<group>";
		};
		66AE0F5D277BEA7A00DC5053 /* Products */ = {
			isa = PBXGroup;
			children = (
				66AE0F5C277BEA7A00DC5053 /* challengeDevPass.app */,
				66AE0F72277BEA7D00DC5053 /* challengeDevPassTests.xctest */,
				66AE0F7C277BEA7D00DC5053 /* challengeDevPassUITests.xctest */,
			);
			name = Products;
			sourceTree = "<group>";
		};
		66AE0F5E277BEA7A00DC5053 /* challengeDevPass */ = {
			isa = PBXGroup;
			children = (
				66F9164C277CA1BF00C2BAD9 /* Coordinators */,
				66F9164B277CA1B400C2BAD9 /* Support Files */,
				66F9164A277CA1A400C2BAD9 /* Views */,
				66F91649277CA1A000C2BAD9 /* Models */,
				66AE0F68277BEA7D00DC5053 /* Assets.xcassets */,
				66AE0F6A277BEA7D00DC5053 /* LaunchScreen.storyboard */,
				66AE0F6D277BEA7D00DC5053 /* Info.plist */,
			);
			path = challengeDevPass;
			sourceTree = "<group>";
		};
		66AE0F75277BEA7D00DC5053 /* challengeDevPassTests */ = {
			isa = PBXGroup;
			children = (
				66AE0F76277BEA7D00DC5053 /* challengeDevPassTests.swift */,
			);
			path = challengeDevPassTests;
			sourceTree = "<group>";
		};
		66AE0F7F277BEA7D00DC5053 /* challengeDevPassUITests */ = {
			isa = PBXGroup;
			children = (
				66AE0F80277BEA7D00DC5053 /* challengeDevPassUITests.swift */,
				66AE0F82277BEA7D00DC5053 /* challengeDevPassUITestsLaunchTests.swift */,
			);
			path = challengeDevPassUITests;
			sourceTree = "<group>";
		};
		66DB61CA277DEC4200F859F3 /* ListViewController */ = {
			isa = PBXGroup;
			children = (
				66AE0F63277BEA7A00DC5053 /* ListViewController.swift */,
			);
			path = ListViewController;
			sourceTree = "<group>";
		};
		66DB61CB277DEC5000F859F3 /* SettingsViewController */ = {
			isa = PBXGroup;
			children = (
				66DB61CC277DEC6500F859F3 /* SettingsViewController.swift */,
			);
			path = SettingsViewController;
			sourceTree = "<group>";
		};
		66F91649277CA1A000C2BAD9 /* Models */ = {
			isa = PBXGroup;
			children = (
				66F91645277C945300C2BAD9 /* RepositoryModel.swift */,
				66DB61CE277DFB2A00F859F3 /* SettingsModel.swift */,
			);
			path = Models;
			sourceTree = "<group>";
		};
		66F9164A277CA1A400C2BAD9 /* Views */ = {
			isa = PBXGroup;
			children = (
				66DB61CB277DEC5000F859F3 /* SettingsViewController */,
				66DB61CA277DEC4200F859F3 /* ListViewController */,
				66F9164D277CA1FD00C2BAD9 /* Custom Cells */,
				66F91652277CACCE00C2BAD9 /* DetailView */,
			);
			path = Views;
			sourceTree = "<group>";
		};
		66F9164B277CA1B400C2BAD9 /* Support Files */ = {
			isa = PBXGroup;
			children = (
				66AE0F5F277BEA7A00DC5053 /* AppDelegate.swift */,
				66F9165B277CFCFE00C2BAD9 /* Networking.swift */,
				66AE0F61277BEA7A00DC5053 /* SceneDelegate.swift */,
				66AE0F93277BFAAF00DC5053 /* Constants.swift */,
			);
			path = "Support Files";
			sourceTree = "<group>";
		};
		66F9164C277CA1BF00C2BAD9 /* Coordinators */ = {
			isa = PBXGroup;
			children = (
				66AE0F91277BEB0100DC5053 /* MainCoordinator.swift */,
				66AE0F8F277BEAF800DC5053 /* Coordinator.swift */,
			);
			path = Coordinators;
			sourceTree = "<group>";
		};
		66F9164D277CA1FD00C2BAD9 /* Custom Cells */ = {
			isa = PBXGroup;
			children = (
				66F9164E277CA21000C2BAD9 /* DescriptionViewCell.swift */,
			);
			path = "Custom Cells";
			sourceTree = "<group>";
		};
		66F91652277CACCE00C2BAD9 /* DetailView */ = {
			isa = PBXGroup;
			children = (
				66F91647277CA08100C2BAD9 /* DetailViewController.swift */,
			);
			path = DetailView;
			sourceTree = "<group>";
		};
/* End PBXGroup section */

/* Begin PBXNativeTarget section */
		66AE0F5B277BEA7A00DC5053 /* challengeDevPass */ = {
			isa = PBXNativeTarget;
			buildConfigurationList = 66AE0F86277BEA7D00DC5053 /* Build configuration list for PBXNativeTarget "challengeDevPass" */;
			buildPhases = (
				66AE0F58277BEA7A00DC5053 /* Sources */,
				66AE0F59277BEA7A00DC5053 /* Frameworks */,
				66AE0F5A277BEA7A00DC5053 /* Resources */,
			);
			buildRules = (
			);
			dependencies = (
			);
			name = challengeDevPass;
			productName = challengeDevPass;
			productReference = 66AE0F5C277BEA7A00DC5053 /* challengeDevPass.app */;
			productType = "com.apple.product-type.application";
		};
		66AE0F71277BEA7D00DC5053 /* challengeDevPassTests */ = {
			isa = PBXNativeTarget;
			buildConfigurationList = 66AE0F89277BEA7D00DC5053 /* Build configuration list for PBXNativeTarget "challengeDevPassTests" */;
			buildPhases = (
				66AE0F6E277BEA7D00DC5053 /* Sources */,
				66AE0F6F277BEA7D00DC5053 /* Frameworks */,
				66AE0F70277BEA7D00DC5053 /* Resources */,
			);
			buildRules = (
			);
			dependencies = (
				66AE0F74277BEA7D00DC5053 /* PBXTargetDependency */,
			);
			name = challengeDevPassTests;
			productName = challengeDevPassTests;
			productReference = 66AE0F72277BEA7D00DC5053 /* challengeDevPassTests.xctest */;
			productType = "com.apple.product-type.bundle.unit-test";
		};
		66AE0F7B277BEA7D00DC5053 /* challengeDevPassUITests */ = {
			isa = PBXNativeTarget;
			buildConfigurationList = 66AE0F8C277BEA7D00DC5053 /* Build configuration list for PBXNativeTarget "challengeDevPassUITests" */;
			buildPhases = (
				66AE0F78277BEA7D00DC5053 /* Sources */,
				66AE0F79277BEA7D00DC5053 /* Frameworks */,
				66AE0F7A277BEA7D00DC5053 /* Resources */,
			);
			buildRules = (
			);
			dependencies = (
				66AE0F7E277BEA7D00DC5053 /* PBXTargetDependency */,
			);
			name = challengeDevPassUITests;
			productName = challengeDevPassUITests;
			productReference = 66AE0F7C277BEA7D00DC5053 /* challengeDevPassUITests.xctest */;
			productType = "com.apple.product-type.bundle.ui-testing";
		};
/* End PBXNativeTarget section */

/* Begin PBXProject section */
		66AE0F54277BEA7A00DC5053 /* Project object */ = {
			isa = PBXProject;
			attributes = {
				BuildIndependentTargetsInParallel = 1;
				LastSwiftUpdateCheck = 1310;
				LastUpgradeCheck = 1310;
				TargetAttributes = {
					66AE0F5B277BEA7A00DC5053 = {
						CreatedOnToolsVersion = 13.1;
					};
					66AE0F71277BEA7D00DC5053 = {
						CreatedOnToolsVersion = 13.1;
						TestTargetID = 66AE0F5B277BEA7A00DC5053;
					};
					66AE0F7B277BEA7D00DC5053 = {
						CreatedOnToolsVersion = 13.1;
						TestTargetID = 66AE0F5B277BEA7A00DC5053;
					};
				};
			};
			buildConfigurationList = 66AE0F57277BEA7A00DC5053 /* Build configuration list for PBXProject "challengeDevPass" */;
			compatibilityVersion = "Xcode 13.0";
			developmentRegion = en;
			hasScannedForEncodings = 0;
			knownRegions = (
				en,
				Base,
			);
			mainGroup = 66AE0F53277BEA7A00DC5053;
			productRefGroup = 66AE0F5D277BEA7A00DC5053 /* Products */;
			projectDirPath = "";
			projectRoot = "";
			targets = (
				66AE0F5B277BEA7A00DC5053 /* challengeDevPass */,
				66AE0F71277BEA7D00DC5053 /* challengeDevPassTests */,
				66AE0F7B277BEA7D00DC5053 /* challengeDevPassUITests */,
			);
		};
/* End PBXProject section */

/* Begin PBXResourcesBuildPhase section */
		66AE0F5A277BEA7A00DC5053 /* Resources */ = {
			isa = PBXResourcesBuildPhase;
			buildActionMask = 2147483647;
			files = (
				66AE0F6C277BEA7D00DC5053 /* LaunchScreen.storyboard in Resources */,
				66AE0F69277BEA7D00DC5053 /* Assets.xcassets in Resources */,
			);
			runOnlyForDeploymentPostprocessing = 0;
		};
		66AE0F70277BEA7D00DC5053 /* Resources */ = {
			isa = PBXResourcesBuildPhase;
			buildActionMask = 2147483647;
			files = (
			);
			runOnlyForDeploymentPostprocessing = 0;
		};
		66AE0F7A277BEA7D00DC5053 /* Resources */ = {
			isa = PBXResourcesBuildPhase;
			buildActionMask = 2147483647;
			files = (
			);
			runOnlyForDeploymentPostprocessing = 0;
		};
/* End PBXResourcesBuildPhase section */

/* Begin PBXSourcesBuildPhase section */
		66AE0F58277BEA7A00DC5053 /* Sources */ = {
			isa = PBXSourcesBuildPhase;
			buildActionMask = 2147483647;
			files = (
				66DB61CF277DFB2A00F859F3 /* SettingsModel.swift in Sources */,
				66AE0F90277BEAF800DC5053 /* Coordinator.swift in Sources */,
				66F9165C277CFCFE00C2BAD9 /* Networking.swift in Sources */,
				66DB61CD277DEC6500F859F3 /* SettingsViewController.swift in Sources */,
				66AE0F64277BEA7A00DC5053 /* ListViewController.swift in Sources */,
				66AE0F60277BEA7A00DC5053 /* AppDelegate.swift in Sources */,
				66F9164F277CA21000C2BAD9 /* DescriptionViewCell.swift in Sources */,
				66AE0F92277BEB0100DC5053 /* MainCoordinator.swift in Sources */,
				66AE0F62277BEA7A00DC5053 /* SceneDelegate.swift in Sources */,
				66F91646277C945300C2BAD9 /* RepositoryModel.swift in Sources */,
				66AE0F94277BFAAF00DC5053 /* Constants.swift in Sources */,
				66F91648277CA08100C2BAD9 /* DetailViewController.swift in Sources */,
			);
			runOnlyForDeploymentPostprocessing = 0;
		};
		66AE0F6E277BEA7D00DC5053 /* Sources */ = {
			isa = PBXSourcesBuildPhase;
			buildActionMask = 2147483647;
			files = (
				66AE0F77277BEA7D00DC5053 /* challengeDevPassTests.swift in Sources */,
			);
			runOnlyForDeploymentPostprocessing = 0;
		};
		66AE0F78277BEA7D00DC5053 /* Sources */ = {
			isa = PBXSourcesBuildPhase;
			buildActionMask = 2147483647;
			files = (
				66AE0F81277BEA7D00DC5053 /* challengeDevPassUITests.swift in Sources */,
				66AE0F83277BEA7D00DC5053 /* challengeDevPassUITestsLaunchTests.swift in Sources */,
			);
			runOnlyForDeploymentPostprocessing = 0;
		};
/* End PBXSourcesBuildPhase section */

/* Begin PBXTargetDependency section */
		66AE0F74277BEA7D00DC5053 /* PBXTargetDependency */ = {
			isa = PBXTargetDependency;
			target = 66AE0F5B277BEA7A00DC5053 /* challengeDevPass */;
			targetProxy = 66AE0F73277BEA7D00DC5053 /* PBXContainerItemProxy */;
		};
		66AE0F7E277BEA7D00DC5053 /* PBXTargetDependency */ = {
			isa = PBXTargetDependency;
			target = 66AE0F5B277BEA7A00DC5053 /* challengeDevPass */;
			targetProxy = 66AE0F7D277BEA7D00DC5053 /* PBXContainerItemProxy */;
		};
/* End PBXTargetDependency section */

/* Begin PBXVariantGroup section */
		66AE0F6A277BEA7D00DC5053 /* LaunchScreen.storyboard */ = {
			isa = PBXVariantGroup;
			children = (
				66AE0F6B277BEA7D00DC5053 /* Base */,
			);
			name = LaunchScreen.storyboard;
			sourceTree = "<group>";
		};
/* End PBXVariantGroup section */

/* Begin XCBuildConfiguration section */
		66AE0F84277BEA7D00DC5053 /* Debug */ = {
			isa = XCBuildConfiguration;
			buildSettings = {
				ALWAYS_SEARCH_USER_PATHS = NO;
				CLANG_ANALYZER_NONNULL = YES;
				CLANG_ANALYZER_NUMBER_OBJECT_CONVERSION = YES_AGGRESSIVE;
				CLANG_CXX_LANGUAGE_STANDARD = "gnu++17";
				CLANG_CXX_LIBRARY = "libc++";
				CLANG_ENABLE_MODULES = YES;
				CLANG_ENABLE_OBJC_ARC = YES;
				CLANG_ENABLE_OBJC_WEAK = YES;
				CLANG_WARN_BLOCK_CAPTURE_AUTORELEASING = YES;
				CLANG_WARN_BOOL_CONVERSION = YES;
				CLANG_WARN_COMMA = YES;
				CLANG_WARN_CONSTANT_CONVERSION = YES;
				CLANG_WARN_DEPRECATED_OBJC_IMPLEMENTATIONS = YES;
				CLANG_WARN_DIRECT_OBJC_ISA_USAGE = YES_ERROR;
				CLANG_WARN_DOCUMENTATION_COMMENTS = YES;
				CLANG_WARN_EMPTY_BODY = YES;
				CLANG_WARN_ENUM_CONVERSION = YES;
				CLANG_WARN_INFINITE_RECURSION = YES;
				CLANG_WARN_INT_CONVERSION = YES;
				CLANG_WARN_NON_LITERAL_NULL_CONVERSION = YES;
				CLANG_WARN_OBJC_IMPLICIT_RETAIN_SELF = YES;
				CLANG_WARN_OBJC_LITERAL_CONVERSION = YES;
				CLANG_WARN_OBJC_ROOT_CLASS = YES_ERROR;
				CLANG_WARN_QUOTED_INCLUDE_IN_FRAMEWORK_HEADER = YES;
				CLANG_WARN_RANGE_LOOP_ANALYSIS = YES;
				CLANG_WARN_STRICT_PROTOTYPES = YES;
				CLANG_WARN_SUSPICIOUS_MOVE = YES;
				CLANG_WARN_UNGUARDED_AVAILABILITY = YES_AGGRESSIVE;
				CLANG_WARN_UNREACHABLE_CODE = YES;
				CLANG_WARN__DUPLICATE_METHOD_MATCH = YES;
				COPY_PHASE_STRIP = NO;
				DEBUG_INFORMATION_FORMAT = dwarf;
				ENABLE_STRICT_OBJC_MSGSEND = YES;
				ENABLE_TESTABILITY = YES;
				GCC_C_LANGUAGE_STANDARD = gnu11;
				GCC_DYNAMIC_NO_PIC = NO;
				GCC_NO_COMMON_BLOCKS = YES;
				GCC_OPTIMIZATION_LEVEL = 0;
				GCC_PREPROCESSOR_DEFINITIONS = (
					"DEBUG=1",
					"$(inherited)",
				);
				GCC_WARN_64_TO_32_BIT_CONVERSION = YES;
				GCC_WARN_ABOUT_RETURN_TYPE = YES_ERROR;
				GCC_WARN_UNDECLARED_SELECTOR = YES;
				GCC_WARN_UNINITIALIZED_AUTOS = YES_AGGRESSIVE;
				GCC_WARN_UNUSED_FUNCTION = YES;
				GCC_WARN_UNUSED_VARIABLE = YES;
				IPHONEOS_DEPLOYMENT_TARGET = 15.0;
				MTL_ENABLE_DEBUG_INFO = INCLUDE_SOURCE;
				MTL_FAST_MATH = YES;
				ONLY_ACTIVE_ARCH = YES;
				SDKROOT = iphoneos;
				SWIFT_ACTIVE_COMPILATION_CONDITIONS = DEBUG;
				SWIFT_OPTIMIZATION_LEVEL = "-Onone";
			};
			name = Debug;
		};
		66AE0F85277BEA7D00DC5053 /* Release */ = {
			isa = XCBuildConfiguration;
			buildSettings = {
				ALWAYS_SEARCH_USER_PATHS = NO;
				CLANG_ANALYZER_NONNULL = YES;
				CLANG_ANALYZER_NUMBER_OBJECT_CONVERSION = YES_AGGRESSIVE;
				CLANG_CXX_LANGUAGE_STANDARD = "gnu++17";
				CLANG_CXX_LIBRARY = "libc++";
				CLANG_ENABLE_MODULES = YES;
				CLANG_ENABLE_OBJC_ARC = YES;
				CLANG_ENABLE_OBJC_WEAK = YES;
				CLANG_WARN_BLOCK_CAPTURE_AUTORELEASING = YES;
				CLANG_WARN_BOOL_CONVERSION = YES;
				CLANG_WARN_COMMA = YES;
				CLANG_WARN_CONSTANT_CONVERSION = YES;
				CLANG_WARN_DEPRECATED_OBJC_IMPLEMENTATIONS = YES;
				CLANG_WARN_DIRECT_OBJC_ISA_USAGE = YES_ERROR;
				CLANG_WARN_DOCUMENTATION_COMMENTS = YES;
				CLANG_WARN_EMPTY_BODY = YES;
				CLANG_WARN_ENUM_CONVERSION = YES;
				CLANG_WARN_INFINITE_RECURSION = YES;
				CLANG_WARN_INT_CONVERSION = YES;
				CLANG_WARN_NON_LITERAL_NULL_CONVERSION = YES;
				CLANG_WARN_OBJC_IMPLICIT_RETAIN_SELF = YES;
				CLANG_WARN_OBJC_LITERAL_CONVERSION = YES;
				CLANG_WARN_OBJC_ROOT_CLASS = YES_ERROR;
				CLANG_WARN_QUOTED_INCLUDE_IN_FRAMEWORK_HEADER = YES;
				CLANG_WARN_RANGE_LOOP_ANALYSIS = YES;
				CLANG_WARN_STRICT_PROTOTYPES = YES;
				CLANG_WARN_SUSPICIOUS_MOVE = YES;
				CLANG_WARN_UNGUARDED_AVAILABILITY = YES_AGGRESSIVE;
				CLANG_WARN_UNREACHABLE_CODE = YES;
				CLANG_WARN__DUPLICATE_METHOD_MATCH = YES;
				COPY_PHASE_STRIP = NO;
				DEBUG_INFORMATION_FORMAT = "dwarf-with-dsym";
				ENABLE_NS_ASSERTIONS = NO;
				ENABLE_STRICT_OBJC_MSGSEND = YES;
				GCC_C_LANGUAGE_STANDARD = gnu11;
				GCC_NO_COMMON_BLOCKS = YES;
				GCC_WARN_64_TO_32_BIT_CONVERSION = YES;
				GCC_WARN_ABOUT_RETURN_TYPE = YES_ERROR;
				GCC_WARN_UNDECLARED_SELECTOR = YES;
				GCC_WARN_UNINITIALIZED_AUTOS = YES_AGGRESSIVE;
				GCC_WARN_UNUSED_FUNCTION = YES;
				GCC_WARN_UNUSED_VARIABLE = YES;
				IPHONEOS_DEPLOYMENT_TARGET = 15.0;
				MTL_ENABLE_DEBUG_INFO = NO;
				MTL_FAST_MATH = YES;
				SDKROOT = iphoneos;
				SWIFT_COMPILATION_MODE = wholemodule;
				SWIFT_OPTIMIZATION_LEVEL = "-O";
				VALIDATE_PRODUCT = YES;
			};
			name = Release;
		};
		66AE0F87277BEA7D00DC5053 /* Debug */ = {
			isa = XCBuildConfiguration;
			buildSettings = {
				ASSETCATALOG_COMPILER_APPICON_NAME = AppIcon;
				ASSETCATALOG_COMPILER_GLOBAL_ACCENT_COLOR_NAME = AccentColor;
				CODE_SIGN_STYLE = Automatic;
				CURRENT_PROJECT_VERSION = 1;
				DEVELOPMENT_TEAM = B3X64R59PK;
				GENERATE_INFOPLIST_FILE = YES;
				INFOPLIST_FILE = challengeDevPass/Info.plist;
				INFOPLIST_KEY_UIApplicationSupportsIndirectInputEvents = YES;
				INFOPLIST_KEY_UILaunchStoryboardName = LaunchScreen;
				INFOPLIST_KEY_UISupportedInterfaceOrientations_iPad = "UIInterfaceOrientationPortrait UIInterfaceOrientationPortraitUpsideDown UIInterfaceOrientationLandscapeLeft UIInterfaceOrientationLandscapeRight";
				INFOPLIST_KEY_UISupportedInterfaceOrientations_iPhone = "UIInterfaceOrientationPortrait UIInterfaceOrientationLandscapeLeft UIInterfaceOrientationLandscapeRight";
				LD_RUNPATH_SEARCH_PATHS = (
					"$(inherited)",
					"@executable_path/Frameworks",
				);
				MARKETING_VERSION = 1.1;
				PRODUCT_BUNDLE_IDENTIFIER = me.sa.challengeDevPass;
				PRODUCT_NAME = "$(TARGET_NAME)";
				SWIFT_EMIT_LOC_STRINGS = YES;
				SWIFT_VERSION = 5.0;
				TARGETED_DEVICE_FAMILY = "1,2";
			};
			name = Debug;
		};
		66AE0F88277BEA7D00DC5053 /* Release */ = {
			isa = XCBuildConfiguration;
			buildSettings = {
				ASSETCATALOG_COMPILER_APPICON_NAME = AppIcon;
				ASSETCATALOG_COMPILER_GLOBAL_ACCENT_COLOR_NAME = AccentColor;
				CODE_SIGN_STYLE = Automatic;
				CURRENT_PROJECT_VERSION = 1;
				DEVELOPMENT_TEAM = B3X64R59PK;
				GENERATE_INFOPLIST_FILE = YES;
				INFOPLIST_FILE = challengeDevPass/Info.plist;
				INFOPLIST_KEY_UIApplicationSupportsIndirectInputEvents = YES;
				INFOPLIST_KEY_UILaunchStoryboardName = LaunchScreen;
				INFOPLIST_KEY_UISupportedInterfaceOrientations_iPad = "UIInterfaceOrientationPortrait UIInterfaceOrientationPortraitUpsideDown UIInterfaceOrientationLandscapeLeft UIInterfaceOrientationLandscapeRight";
				INFOPLIST_KEY_UISupportedInterfaceOrientations_iPhone = "UIInterfaceOrientationPortrait UIInterfaceOrientationLandscapeLeft UIInterfaceOrientationLandscapeRight";
				LD_RUNPATH_SEARCH_PATHS = (
					"$(inherited)",
					"@executable_path/Frameworks",
				);
				MARKETING_VERSION = 1.1;
				PRODUCT_BUNDLE_IDENTIFIER = me.sa.challengeDevPass;
				PRODUCT_NAME = "$(TARGET_NAME)";
				SWIFT_EMIT_LOC_STRINGS = YES;
				SWIFT_VERSION = 5.0;
				TARGETED_DEVICE_FAMILY = "1,2";
			};
			name = Release;
		};
		66AE0F8A277BEA7D00DC5053 /* Debug */ = {
			isa = XCBuildConfiguration;
			buildSettings = {
				ALWAYS_EMBED_SWIFT_STANDARD_LIBRARIES = YES;
				BUNDLE_LOADER = "$(TEST_HOST)";
				CODE_SIGN_STYLE = Automatic;
				CURRENT_PROJECT_VERSION = 1;
				DEVELOPMENT_TEAM = B3X64R59PK;
				GENERATE_INFOPLIST_FILE = YES;
				IPHONEOS_DEPLOYMENT_TARGET = 15.0;
				LD_RUNPATH_SEARCH_PATHS = (
					"$(inherited)",
					"@executable_path/Frameworks",
					"@loader_path/Frameworks",
				);
				MARKETING_VERSION = 1.0;
				PRODUCT_BUNDLE_IDENTIFIER = me.sa.challengeDevPassTests;
				PRODUCT_NAME = "$(TARGET_NAME)";
				SWIFT_EMIT_LOC_STRINGS = NO;
				SWIFT_VERSION = 5.0;
				TARGETED_DEVICE_FAMILY = "1,2";
				TEST_HOST = "$(BUILT_PRODUCTS_DIR)/challengeDevPass.app/challengeDevPass";
			};
			name = Debug;
		};
		66AE0F8B277BEA7D00DC5053 /* Release */ = {
			isa = XCBuildConfiguration;
			buildSettings = {
				ALWAYS_EMBED_SWIFT_STANDARD_LIBRARIES = YES;
				BUNDLE_LOADER = "$(TEST_HOST)";
				CODE_SIGN_STYLE = Automatic;
				CURRENT_PROJECT_VERSION = 1;
				DEVELOPMENT_TEAM = B3X64R59PK;
				GENERATE_INFOPLIST_FILE = YES;
				IPHONEOS_DEPLOYMENT_TARGET = 15.0;
				LD_RUNPATH_SEARCH_PATHS = (
					"$(inherited)",
					"@executable_path/Frameworks",
					"@loader_path/Frameworks",
				);
				MARKETING_VERSION = 1.0;
				PRODUCT_BUNDLE_IDENTIFIER = me.sa.challengeDevPassTests;
				PRODUCT_NAME = "$(TARGET_NAME)";
				SWIFT_EMIT_LOC_STRINGS = NO;
				SWIFT_VERSION = 5.0;
				TARGETED_DEVICE_FAMILY = "1,2";
				TEST_HOST = "$(BUILT_PRODUCTS_DIR)/challengeDevPass.app/challengeDevPass";
			};
			name = Release;
		};
		66AE0F8D277BEA7D00DC5053 /* Debug */ = {
			isa = XCBuildConfiguration;
			buildSettings = {
				ALWAYS_EMBED_SWIFT_STANDARD_LIBRARIES = YES;
				CODE_SIGN_STYLE = Automatic;
				CURRENT_PROJECT_VERSION = 1;
				DEVELOPMENT_TEAM = B3X64R59PK;
				GENERATE_INFOPLIST_FILE = YES;
				LD_RUNPATH_SEARCH_PATHS = (
					"$(inherited)",
					"@executable_path/Frameworks",
					"@loader_path/Frameworks",
				);
				MARKETING_VERSION = 1.0;
				PRODUCT_BUNDLE_IDENTIFIER = me.sa.challengeDevPassUITests;
				PRODUCT_NAME = "$(TARGET_NAME)";
				SWIFT_EMIT_LOC_STRINGS = NO;
				SWIFT_VERSION = 5.0;
				TARGETED_DEVICE_FAMILY = "1,2";
				TEST_TARGET_NAME = challengeDevPass;
			};
			name = Debug;
		};
		66AE0F8E277BEA7D00DC5053 /* Release */ = {
			isa = XCBuildConfiguration;
			buildSettings = {
				ALWAYS_EMBED_SWIFT_STANDARD_LIBRARIES = YES;
				CODE_SIGN_STYLE = Automatic;
				CURRENT_PROJECT_VERSION = 1;
				DEVELOPMENT_TEAM = B3X64R59PK;
				GENERATE_INFOPLIST_FILE = YES;
				LD_RUNPATH_SEARCH_PATHS = (
					"$(inherited)",
					"@executable_path/Frameworks",
					"@loader_path/Frameworks",
				);
				MARKETING_VERSION = 1.0;
				PRODUCT_BUNDLE_IDENTIFIER = me.sa.challengeDevPassUITests;
				PRODUCT_NAME = "$(TARGET_NAME)";
				SWIFT_EMIT_LOC_STRINGS = NO;
				SWIFT_VERSION = 5.0;
				TARGETED_DEVICE_FAMILY = "1,2";
				TEST_TARGET_NAME = challengeDevPass;
			};
			name = Release;
		};
/* End XCBuildConfiguration section */

/* Begin XCConfigurationList section */
		66AE0F57277BEA7A00DC5053 /* Build configuration list for PBXProject "challengeDevPass" */ = {
			isa = XCConfigurationList;
			buildConfigurations = (
				66AE0F84277BEA7D00DC5053 /* Debug */,
				66AE0F85277BEA7D00DC5053 /* Release */,
			);
			defaultConfigurationIsVisible = 0;
			defaultConfigurationName = Release;
		};
		66AE0F86277BEA7D00DC5053 /* Build configuration list for PBXNativeTarget "challengeDevPass" */ = {
			isa = XCConfigurationList;
			buildConfigurations = (
				66AE0F87277BEA7D00DC5053 /* Debug */,
				66AE0F88277BEA7D00DC5053 /* Release */,
			);
			defaultConfigurationIsVisible = 0;
			defaultConfigurationName = Release;
		};
		66AE0F89277BEA7D00DC5053 /* Build configuration list for PBXNativeTarget "challengeDevPassTests" */ = {
			isa = XCConfigurationList;
			buildConfigurations = (
				66AE0F8A277BEA7D00DC5053 /* Debug */,
				66AE0F8B277BEA7D00DC5053 /* Release */,
			);
			defaultConfigurationIsVisible = 0;
			defaultConfigurationName = Release;
		};
		66AE0F8C277BEA7D00DC5053 /* Build configuration list for PBXNativeTarget "challengeDevPassUITests" */ = {
			isa = XCConfigurationList;
			buildConfigurations = (
				66AE0F8D277BEA7D00DC5053 /* Debug */,
				66AE0F8E277BEA7D00DC5053 /* Release */,
			);
			defaultConfigurationIsVisible = 0;
			defaultConfigurationName = Release;
		};
/* End XCConfigurationList section */
	};
	rootObject = 66AE0F54277BEA7A00DC5053 /* Project object */;
}
